Microsoft Visual Studio Solution File, Format Version 11.00
# Visual Studio 2008

Project("{2B86F3FC-D324-D934-A8DE-7749D83F79C3}") = "PopcornMR", "Assembly-CSharp.csproj", "{6CEC9823-3602-0FC4-1E47-7982F7F9CBAF}"
EndProject
Project("{2B86F3FC-D324-D934-A8DE-7749D83F79C3}") = "PopcornMR", "Assembly-CSharp-Editor.csproj", "{4B012AA9-EACC-E7D2-A057-086F47BC2022}"
EndProject
Global
	GlobalSection(SolutionConfigurationPlatforms) = preSolution
		Debug|Any CPU = Debug|Any CPU
		Release|Any CPU = Release|Any CPU
	EndGlobalSection
	GlobalSection(ProjectConfigurationPlatforms) = postSolution
		{6CEC9823-3602-0FC4-1E47-7982F7F9CBAF}.Debug|Any CPU.ActiveCfg = Debug|Any CPU
		{6CEC9823-3602-0FC4-1E47-7982F7F9CBAF}.Debug|Any CPU.Build.0 = Debug|Any CPU
		{6CEC9823-3602-0FC4-1E47-7982F7F9CBAF}.Release|Any CPU.ActiveCfg = Release|Any CPU
		{6CEC9823-3602-0FC4-1E47-7982F7F9CBAF}.Release|Any CPU.Build.0 = Release|Any CPU
		{4B012AA9-EACC-E7D2-A057-086F47BC2022}.Debug|Any CPU.ActiveCfg = Debug|Any CPU
		{4B012AA9-EACC-E7D2-A057-086F47BC2022}.Debug|Any CPU.Build.0 = Debug|Any CPU
		{4B012AA9-EACC-E7D2-A057-086F47BC2022}.Release|Any CPU.ActiveCfg = Release|Any CPU
		{4B012AA9-EACC-E7D2-A057-086F47BC2022}.Release|Any CPU.Build.0 = Release|Any CPU
	EndGlobalSection
	GlobalSection(SolutionProperties) = preSolution
		HideSolutionNode = FALSE
	EndGlobalSection
	GlobalSection(MonoDevelopProperties) = preSolution
		StartupItem = Assembly-CSharp.csproj
	EndGlobalSection
EndGlobal
